
Microsoft Visual Studio Solution File, Format Version 12.00
# Visual Studio Version 16
VisualStudioVersion = 16.0.30413.136
MinimumVisualStudioVersion = 10.0.40219.1
Project("{FAE04EC0-301F-11D3-BF4B-00C04F79EFBC}") = "ProyectoHotelPencionadosGUI", "ProyectoHotelPencionadosGUI\ProyectoHotelPencionadosGUI.csproj", "{1C2AA0DC-5923-4213-908C-F28DB6ABDA5F}"
EndProject
Project("{FAE04EC0-301F-11D3-BF4B-00C04F79EFBC}") = "Entity", "Entity\Entity.csproj", "{C45FE2DC-1A98-4C01-95EF-839D34CFF1A8}"
EndProject
Project("{FAE04EC0-301F-11D3-BF4B-00C04F79EFBC}") = "BLL", "BLL\BLL.csproj", "{58D52022-3D23-4448-AD3B-475D9940725B}"
EndProject
Project("{FAE04EC0-301F-11D3-BF4B-00C04F79EFBC}") = "DAL", "DAL\DAL.csproj", "{B4822C3F-660F-4328-8748-424ED2EA9B14}"
EndProject
Global
	GlobalSection(SolutionConfigurationPlatforms) = preSolution
		Debug|Any CPU = Debug|Any CPU
		Release|Any CPU = Release|Any CPU
	EndGlobalSection
	GlobalSection(ProjectConfigurationPlatforms) = postSolution
		{1C2AA0DC-5923-4213-908C-F28DB6ABDA5F}.Debug|Any CPU.ActiveCfg = Debug|Any CPU
		{1C2AA0DC-5923-4213-908C-F28DB6ABDA5F}.Debug|Any CPU.Build.0 = Debug|Any CPU
		{1C2AA0DC-5923-4213-908C-F28DB6ABDA5F}.Release|Any CPU.ActiveCfg = Release|Any CPU
		{1C2AA0DC-5923-4213-908C-F28DB6ABDA5F}.Release|Any CPU.Build.0 = Release|Any CPU
		{C45FE2DC-1A98-4C01-95EF-839D34CFF1A8}.Debug|Any CPU.ActiveCfg = Debug|Any CPU
		{C45FE2DC-1A98-4C01-95EF-839D34CFF1A8}.Debug|Any CPU.Build.0 = Debug|Any CPU
		{C45FE2DC-1A98-4C01-95EF-839D34CFF1A8}.Release|Any CPU.ActiveCfg = Release|Any CPU
		{C45FE2DC-1A98-4C01-95EF-839D34CFF1A8}.Release|Any CPU.Build.0 = Release|Any CPU
		{58D52022-3D23-4448-AD3B-475D9940725B}.Debug|Any CPU.ActiveCfg = Debug|Any CPU
		{58D52022-3D23-4448-AD3B-475D9940725B}.Debug|Any CPU.Build.0 = Debug|Any CPU
		{58D52022-3D23-4448-AD3B-475D9940725B}.Release|Any CPU.ActiveCfg = Release|Any CPU
		{58D52022-3D23-4448-AD3B-475D9940725B}.Release|Any CPU.Build.0 = Release|Any CPU
		{B4822C3F-660F-4328-8748-424ED2EA9B14}.Debug|Any CPU.ActiveCfg = Debug|Any CPU
		{B4822C3F-660F-4328-8748-424ED2EA9B14}.Debug|Any CPU.Build.0 = Debug|Any CPU
		{B4822C3F-660F-4328-8748-424ED2EA9B14}.Release|Any CPU.ActiveCfg = Release|Any CPU
		{B4822C3F-660F-4328-8748-424ED2EA9B14}.Release|Any CPU.Build.0 = Release|Any CPU
	EndGlobalSection
	GlobalSection(SolutionProperties) = preSolution
		HideSolutionNode = FALSE
	EndGlobalSection
	GlobalSection(ExtensibilityGlobals) = postSolution
		SolutionGuid = {78F52224-E8C3-4708-8985-C08655B6CABE}
	EndGlobalSection
EndGlobal
